github.com/powerman/check v1.13.0 h1:/uNADrvWRzsRKCN00LEN/Ph0XMlUmtOhZTw2Qr60nNQ=
github.com/powerman/check v1.13.0/go.mod h1:h7WkuVUhfVN1yl/F6zm+zbZLeOUtx34+JpMA8aA2vR0=
golang.org/x/sys v0.43.0 h1:Rlag2XtaFTxp19wS8MXlJwTvoh8ArU6ezoyFsMyCTNI=
golang.org/x/sys v0.43.0/go.mod h1:4GL1E5IUh+htKOUEOaiffhrAeqysfVGipDYzABqnCmw=
